
Microsoft Visual Studio Solution File, Format Version 12.00
# Visual Studio Version 16
VisualStudioVersion = 16.0.29728.190
MinimumVisualStudioVersion = 10.0.40219.1
Project("{8BC9CEB8-8B4A-11D0-8D11-00A0C91BC942}") = "MyKMDF", "MyKMDF\MyKMDF.vcxproj", "{ECAFA8BF-C652-49F5-AA70-7AC67D1FAA91}"
EndProject
Project("{8BC9CEB8-8B4A-11D0-8D11-00A0C91BC942}") = "wdfTest", "wdfTest\wdfTest.vcxproj", "{F749724C-FC0C-4AF2-A29B-B24AA272FDF3}"
EndProject
Project("{8BC9CEB8-8B4A-11D0-8D11-00A0C91BC942}") = "KMDFPNP", "KMDFPNP\KMDFPNP.vcxproj", "{C94E2F87-FB09-46A9-B0EE-2F017F7810D1}"
EndProject
Project("{8BC9CEB8-8B4A-11D0-8D11-00A0C91BC942}") = "KMDFToMyPnp", "KMDFToMyPnp\KMDFToMyPnp.vcxproj", "{411EDD61-41C4-4F1D-8C24-1A62976114DF}"
EndProject
Project("{8BC9CEB8-8B4A-11D0-8D11-00A0C91BC942}") = "wdfToPnp", "wdfToPnp\wdfToPnp.vcxproj", "{78FBE1BB-053C-4042-92E8-A8B663043F7F}"
EndProject
Global
	GlobalSection(SolutionConfigurationPlatforms) = preSolution
		Debug|ARM = Debug|ARM
		Debug|ARM64 = Debug|ARM64
		Debug|x64 = Debug|x64
		Debug|x86 = Debug|x86
		Release|ARM = Release|ARM
		Release|ARM64 = Release|ARM64
		Release|x64 = Release|x64
		Release|x86 = Release|x86
	EndGlobalSection
	GlobalSection(ProjectConfigurationPlatforms) = postSolution
		{ECAFA8BF-C652-49F5-AA70-7AC67D1FAA91}.Debug|ARM.ActiveCfg = Debug|ARM
		{ECAFA8BF-C652-49F5-AA70-7AC67D1FAA91}.Debug|ARM.Build.0 = Debug|ARM
		{ECAFA8BF-C652-49F5-AA70-7AC67D1FAA91}.Debug|ARM.Deploy.0 = Debug|ARM
		{ECAFA8BF-C652-49F5-AA70-7AC67D1FAA91}.Debug|ARM64.ActiveCfg = Debug|ARM64
		{ECAFA8BF-C652-49F5-AA70-7AC67D1FAA91}.Debug|ARM64.Build.0 = Debug|ARM64
		{ECAFA8BF-C652-49F5-AA70-7AC67D1FAA91}.Debug|ARM64.Deploy.0 = Debug|ARM64
		{ECAFA8BF-C652-49F5-AA70-7AC67D1FAA91}.Debug|x64.ActiveCfg = Debug|x64
		{ECAFA8BF-C652-49F5-AA70-7AC67D1FAA91}.Debug|x64.Build.0 = Debug|x64
		{ECAFA8BF-C652-49F5-AA70-7AC67D1FAA91}.Debug|x64.Deploy.0 = Debug|x64
		{ECAFA8BF-C652-49F5-AA70-7AC67D1FAA91}.Debug|x86.ActiveCfg = Debug|Win32
		{ECAFA8BF-C652-49F5-AA70-7AC67D1FAA91}.Debug|x86.Build.0 = Debug|Win32
		{ECAFA8BF-C652-49F5-AA70-7AC67D1FAA91}.Debug|x86.Deploy.0 = Debug|Win32
		{ECAFA8BF-C652-49F5-AA70-7AC67D1FAA91}.Release|ARM.ActiveCfg = Release|ARM
		{ECAFA8BF-C652-49F5-AA70-7AC67D1FAA91}.Release|ARM.Build.0 = Release|ARM
		{ECAFA8BF-C652-49F5-AA70-7AC67D1FAA91}.Release|ARM.Deploy.0 = Release|ARM
		{ECAFA8BF-C652-49F5-AA70-7AC67D1FAA91}.Release|ARM64.ActiveCfg = Release|ARM64
		{ECAFA8BF-C652-49F5-AA70-7AC67D1FAA91}.Release|ARM64.Build.0 = Release|ARM64
		{ECAFA8BF-C652-49F5-AA70-7AC67D1FAA91}.Release|ARM64.Deploy.0 = Release|ARM64
		{ECAFA8BF-C652-49F5-AA70-7AC67D1FAA91}.Release|x64.ActiveCfg = Release|x64
		{ECAFA8BF-C652-49F5-AA70-7AC67D1FAA91}.Release|x64.Build.0 = Release|x64
		{ECAFA8BF-C652-49F5-AA70-7AC67D1FAA91}.Release|x64.Deploy.0 = Release|x64
		{ECAFA8BF-C652-49F5-AA70-7AC67D1FAA91}.Release|x86.ActiveCfg = Release|Win32
		{ECAFA8BF-C652-49F5-AA70-7AC67D1FAA91}.Release|x86.Build.0 = Release|Win32
		{ECAFA8BF-C652-49F5-AA70-7AC67D1FAA91}.Release|x86.Deploy.0 = Release|Win32
		{F749724C-FC0C-4AF2-A29B-B24AA272FDF3}.Debug|ARM.ActiveCfg = Debug|Win32
		{F749724C-FC0C-4AF2-A29B-B24AA272FDF3}.Debug|ARM64.ActiveCfg = Debug|Win32
		{F749724C-FC0C-4AF2-A29B-B24AA272FDF3}.Debug|x64.ActiveCfg = Debug|x64
		{F749724C-FC0C-4AF2-A29B-B24AA272FDF3}.Debug|x64.Build.0 = Debug|x64
		{F749724C-FC0C-4AF2-A29B-B24AA272FDF3}.Debug|x86.ActiveCfg = Debug|Win32
		{F749724C-FC0C-4AF2-A29B-B24AA272FDF3}.Debug|x86.Build.0 = Debug|Win32
		{F749724C-FC0C-4AF2-A29B-B24AA272FDF3}.Release|ARM.ActiveCfg = Release|Win32
		{F749724C-FC0C-4AF2-A29B-B24AA272FDF3}.Release|ARM64.ActiveCfg = Release|Win32
		{F749724C-FC0C-4AF2-A29B-B24AA272FDF3}.Release|x64.ActiveCfg = Release|x64
		{F749724C-FC0C-4AF2-A29B-B24AA272FDF3}.Release|x64.Build.0 = Release|x64
		{F749724C-FC0C-4AF2-A29B-B24AA272FDF3}.Release|x86.ActiveCfg = Release|Win32
		{F749724C-FC0C-4AF2-A29B-B24AA272FDF3}.Release|x86.Build.0 = Release|Win32
		{C94E2F87-FB09-46A9-B0EE-2F017F7810D1}.Debug|ARM.ActiveCfg = Debug|ARM
		{C94E2F87-FB09-46A9-B0EE-2F017F7810D1}.Debug|ARM.Build.0 = Debug|ARM
		{C94E2F87-FB09-46A9-B0EE-2F017F7810D1}.Debug|ARM.Deploy.0 = Debug|ARM
		{C94E2F87-FB09-46A9-B0EE-2F017F7810D1}.Debug|ARM64.ActiveCfg = Debug|ARM64
		{C94E2F87-FB09-46A9-B0EE-2F017F7810D1}.Debug|ARM64.Build.0 = Debug|ARM64
		{C94E2F87-FB09-46A9-B0EE-2F017F7810D1}.Debug|ARM64.Deploy.0 = Debug|ARM64
		{C94E2F87-FB09-46A9-B0EE-2F017F7810D1}.Debug|x64.ActiveCfg = Debug|x64
		{C94E2F87-FB09-46A9-B0EE-2F017F7810D1}.Debug|x64.Build.0 = Debug|x64
		{C94E2F87-FB09-46A9-B0EE-2F017F7810D1}.Debug|x64.Deploy.0 = Debug|x64
		{C94E2F87-FB09-46A9-B0EE-2F017F7810D1}.Debug|x86.ActiveCfg = Debug|Win32
		{C94E2F87-FB09-46A9-B0EE-2F017F7810D1}.Debug|x86.Build.0 = Debug|Win32
		{C94E2F87-FB09-46A9-B0EE-2F017F7810D1}.Debug|x86.Deploy.0 = Debug|Win32
		{C94E2F87-FB09-46A9-B0EE-2F017F7810D1}.Release|ARM.ActiveCfg = Release|ARM
		{C94E2F87-FB09-46A9-B0EE-2F017F7810D1}.Release|ARM.Build.0 = Release|ARM
		{C94E2F87-FB09-46A9-B0EE-2F017F7810D1}.Release|ARM.Deploy.0 = Release|ARM
		{C94E2F87-FB09-46A9-B0EE-2F017F7810D1}.Release|ARM64.ActiveCfg = Release|ARM64
		{C94E2F87-FB09-46A9-B0EE-2F017F7810D1}.Release|ARM64.Build.0 = Release|ARM64
		{C94E2F87-FB09-46A9-B0EE-2F017F7810D1}.Release|ARM64.Deploy.0 = Release|ARM64
		{C94E2F87-FB09-46A9-B0EE-2F017F7810D1}.Release|x64.ActiveCfg = Release|x64
		{C94E2F87-FB09-46A9-B0EE-2F017F7810D1}.Release|x64.Build.0 = Release|x64
		{C94E2F87-FB09-46A9-B0EE-2F017F7810D1}.Release|x64.Deploy.0 = Release|x64
		{C94E2F87-FB09-46A9-B0EE-2F017F7810D1}.Release|x86.ActiveCfg = Release|Win32
		{C94E2F87-FB09-46A9-B0EE-2F017F7810D1}.Release|x86.Build.0 = Release|Win32
		{C94E2F87-FB09-46A9-B0EE-2F017F7810D1}.Release|x86.Deploy.0 = Release|Win32
		{411EDD61-41C4-4F1D-8C24-1A62976114DF}.Debug|ARM.ActiveCfg = Debug|ARM
		{411EDD61-41C4-4F1D-8C24-1A62976114DF}.Debug|ARM.Build.0 = Debug|ARM
		{411EDD61-41C4-4F1D-8C24-1A62976114DF}.Debug|ARM.Deploy.0 = Debug|ARM
		{411EDD61-41C4-4F1D-8C24-1A62976114DF}.Debug|ARM64.ActiveCfg = Debug|ARM64
		{411EDD61-41C4-4F1D-8C24-1A62976114DF}.Debug|ARM64.Build.0 = Debug|ARM64
		{411EDD61-41C4-4F1D-8C24-1A62976114DF}.Debug|ARM64.Deploy.0 = Debug|ARM64
		{411EDD61-41C4-4F1D-8C24-1A62976114DF}.Debug|x64.ActiveCfg = Debug|x64
		{411EDD61-41C4-4F1D-8C24-1A62976114DF}.Debug|x64.Build.0 = Debug|x64
		{411EDD61-41C4-4F1D-8C24-1A62976114DF}.Debug|x64.Deploy.0 = Debug|x64
		{411EDD61-41C4-4F1D-8C24-1A62976114DF}.Debug|x86.ActiveCfg = Debug|Win32
		{411EDD61-41C4-4F1D-8C24-1A62976114DF}.Debug|x86.Build.0 = Debug|Win32
		{411EDD61-41C4-4F1D-8C24-1A62976114DF}.Debug|x86.Deploy.0 = Debug|Win32
		{411EDD61-41C4-4F1D-8C24-1A62976114DF}.Release|ARM.ActiveCfg = Release|ARM
		{411EDD61-41C4-4F1D-8C24-1A62976114DF}.Release|ARM.Build.0 = Release|ARM
		{411EDD61-41C4-4F1D-8C24-1A62976114DF}.Release|ARM.Deploy.0 = Release|ARM
		{411EDD61-41C4-4F1D-8C24-1A62976114DF}.Release|ARM64.ActiveCfg = Release|ARM64
		{411EDD61-41C4-4F1D-8C24-1A62976114DF}.Release|ARM64.Build.0 = Release|ARM64
		{411EDD61-41C4-4F1D-8C24-1A62976114DF}.Release|ARM64.Deploy.0 = Release|ARM64
		{411EDD61-41C4-4F1D-8C24-1A62976114DF}.Release|x64.ActiveCfg = Release|x64
		{411EDD61-41C4-4F1D-8C24-1A62976114DF}.Release|x64.Build.0 = Release|x64
		{411EDD61-41C4-4F1D-8C24-1A62976114DF}.Release|x64.Deploy.0 = Release|x64
		{411EDD61-41C4-4F1D-8C24-1A62976114DF}.Release|x86.ActiveCfg = Release|Win32
		{411EDD61-41C4-4F1D-8C24-1A62976114DF}.Release|x86.Build.0 = Release|Win32
		{411EDD61-41C4-4F1D-8C24-1A62976114DF}.Release|x86.Deploy.0 = Release|Win32
		{78FBE1BB-053C-4042-92E8-A8B663043F7F}.Debug|ARM.ActiveCfg = Debug|Win32
		{78FBE1BB-053C-4042-92E8-A8B663043F7F}.Debug|ARM64.ActiveCfg = Debug|Win32
		{78FBE1BB-053C-4042-92E8-A8B663043F7F}.Debug|x64.ActiveCfg = Debug|x64
		{78FBE1BB-053C-4042-92E8-A8B663043F7F}.Debug|x64.Build.0 = Debug|x64
		{78FBE1BB-053C-4042-92E8-A8B663043F7F}.Debug|x86.ActiveCfg = Debug|Win32
		{78FBE1BB-053C-4042-92E8-A8B663043F7F}.Debug|x86.Build.0 = Debug|Win32
		{78FBE1BB-053C-4042-92E8-A8B663043F7F}.Release|ARM.ActiveCfg = Release|Win32
		{78FBE1BB-053C-4042-92E8-A8B663043F7F}.Release|ARM64.ActiveCfg = Release|Win32
		{78FBE1BB-053C-4042-92E8-A8B663043F7F}.Release|x64.ActiveCfg = Release|x64
		{78FBE1BB-053C-4042-92E8-A8B663043F7F}.Release|x64.Build.0 = Release|x64
		{78FBE1BB-053C-4042-92E8-A8B663043F7F}.Release|x86.ActiveCfg = Release|Win32
		{78FBE1BB-053C-4042-92E8-A8B663043F7F}.Release|x86.Build.0 = Release|Win32
	EndGlobalSection
	GlobalSection(SolutionProperties) = preSolution
		HideSolutionNode = FALSE
	EndGlobalSection
	GlobalSection(ExtensibilityGlobals) = postSolution
		SolutionGuid = {91E0391C-3503-4768-A1D3-A2A2330D5D21}
	EndGlobalSection
EndGlobal
